// !$*UTF8*$!
{
	archiveVersion = 1;
	classes = {
	};
	objectVersion = 46;
	objects = {

/* Begin PBXBuildFile section */
		C6E6F5621EE4DFB700D06038 /* AppDelegate.swift in Sources */ = {isa = PBXBuildFile; fileRef = C6E6F5611EE4DFB700D06038 /* AppDelegate.swift */; };
		C6E6F5641EE4DFB700D06038 /* ViewController.swift in Sources */ = {isa = PBXBuildFile; fileRef = C6E6F5631EE4DFB700D06038 /* ViewController.swift */; };
		C6E6F5671EE4DFB700D06038 /* Main.storyboard in Resources */ = {isa = PBXBuildFile; fileRef = C6E6F5651EE4DFB700D06038 /* Main.storyboard */; };
		C6E6F56A1EE4DFB700D06038 /* pull_to_refush.xcdatamodeld in Sources */ = {isa = PBXBuildFile; fileRef = C6E6F5681EE4DFB700D06038 /* pull_to_refush.xcdatamodeld */; };
		C6E6F56C1EE4DFB700D06038 /* Assets.xcassets in Resources */ = {isa = PBXBuildFile; fileRef = C6E6F56B1EE4DFB700D06038 /* Assets.xcassets */; };
		C6E6F56F1EE4DFB700D06038 /* LaunchScreen.storyboard in Resources */ = {isa = PBXBuildFile; fileRef = C6E6F56D1EE4DFB700D06038 /* LaunchScreen.storyboard */; };
		C6E6F5771EE4E85200D06038 /* RefreshContents.xib in Resources */ = {isa = PBXBuildFile; fileRef = C6E6F5761EE4E85200D06038 /* RefreshContents.xib */; };
/* End PBXBuildFile section */

/* Begin PBXFileReference section */
		C6E6F55E1EE4DFB700D06038 /* pull_to_refush.app */ = {isa = PBXFileReference; explicitFileType = wrapper.application; includeInIndex = 0; path = pull_to_refush.app; sourceTree = BUILT_PRODUCTS_DIR; };
		C6E6F5611EE4DFB700D06038 /* AppDelegate.swift */ = {isa = PBXFileReference; lastKnownFileType = sourcecode.swift; path = AppDelegate.swift; sourceTree = "<group>"; };
		C6E6F5631EE4DFB700D06038 /* ViewController.swift */ = {isa = PBXFileReference; lastKnownFileType = sourcecode.swift; path = ViewController.swift; sourceTree = "<group>"; };
		C6E6F5661EE4DFB700D06038 /* Base */ = {isa = PBXFileReference; lastKnownFileType = file.storyboard; name = Base; path = Base.lproj/Main.storyboard; sourceTree = "<group>"; };
		C6E6F5691EE4DFB700D06038 /* pull_to_refush.xcdatamodel */ = {isa = PBXFileReference; lastKnownFileType = wrapper.xcdatamodel; path = pull_to_refush.xcdatamodel; sourceTree = "<group>"; };
		C6E6F56B1EE4DFB700D06038 /* Assets.xcassets */ = {isa = PBXFileReference; lastKnownFileType = folder.assetcatalog; path = Assets.xcassets; sourceTree = "<group>"; };
		C6E6F56E1EE4DFB700D06038 /* Base */ = {isa = PBXFileReference; lastKnownFileType = file.storyboard; name = Base; path = Base.lproj/LaunchScreen.storyboard; sourceTree = "<group>"; };
		C6E6F5701EE4DFB700D06038 /* Info.plist */ = {isa = PBXFileReference; lastKnownFileType = text.plist.xml; path = Info.plist; sourceTree = "<group>"; };
		C6E6F5761EE4E85200D06038 /* RefreshContents.xib */ = {isa = PBXFileReference; fileEncoding = 4; lastKnownFileType = file.xib; path = RefreshContents.xib; sourceTree = "<group>"; };
/* End PBXFileReference section */

/* Begin PBXFrameworksBuildPhase section */
		C6E6F55B1EE4DFB700D06038 /* Frameworks */ = {
			isa = PBXFrameworksBuildPhase;
			buildActionMask = 2147483647;
			files = (
			);
			runOnlyForDeploymentPostprocessing = 0;
		};
/* End PBXFrameworksBuildPhase section */

/* Begin PBXGroup section */
		C6E6F5551EE4DFB700D06038 = {
			isa = PBXGroup;
			children = (
				C6E6F5601EE4DFB700D06038 /* pull_to_refush */,
				C6E6F55F1EE4DFB700D06038 /* Products */,
			);
			sourceTree = "<group>";
		};
		C6E6F55F1EE4DFB700D06038 /* Products */ = {
			isa = PBXGroup;
			children = (
				C6E6F55E1EE4DFB700D06038 /* pull_to_refush.app */,
			);
			name = Products;
			sourceTree = "<group>";
		};
		C6E6F5601EE4DFB700D06038 /* pull_to_refush */ = {
			isa = PBXGroup;
			children = (
				C6E6F5611EE4DFB700D06038 /* AppDelegate.swift */,
				C6E6F5631EE4DFB700D06038 /* ViewController.swift */,
				C6E6F5651EE4DFB700D06038 /* Main.storyboard */,
				C6E6F56B1EE4DFB700D06038 /* Assets.xcassets */,
				C6E6F56D1EE4DFB700D06038 /* LaunchScreen.storyboard */,
				C6E6F5701EE4DFB700D06038 /* Info.plist */,
				C6E6F5681EE4DFB700D06038 /* pull_to_refush.xcdatamodeld */,
				C6E6F5761EE4E85200D06038 /* RefreshContents.xib */,
			);
			path = pull_to_refush;
			sourceTree = "<group>";
		};
/* End PBXGroup section */

/* Begin PBXNativeTarget section */
		C6E6F55D1EE4DFB700D06038 /* pull_to_refush */ = {
			isa = PBXNativeTarget;
			buildConfigurationList = C6E6F5731EE4DFB700D06038 /* Build configuration list for PBXNativeTarget "pull_to_refush" */;
			buildPhases = (
				C6E6F55A1EE4DFB700D06038 /* Sources */,
				C6E6F55B1EE4DFB700D06038 /* Frameworks */,
				C6E6F55C1EE4DFB700D06038 /* Resources */,
			);
			buildRules = (
			);
			dependencies = (
			);
			name = pull_to_refush;
			productName = pull_to_refush;
			productReference = C6E6F55E1EE4DFB700D06038 /* pull_to_refush.app */;
			productType = "com.apple.product-type.application";
		};
/* End PBXNativeTarget section */

/* Begin PBXProject section */
		C6E6F5561EE4DFB700D06038 /* Project object */ = {
			isa = PBXProject;
			attributes = {
				LastSwiftUpdateCheck = 0830;
				LastUpgradeCheck = 0830;
				ORGANIZATIONNAME = tw.com.binson;
				TargetAttributes = {
					C6E6F55D1EE4DFB700D06038 = {
						CreatedOnToolsVersion = 8.3.2;
						DevelopmentTeam = TVFFD9C8WQ;
						ProvisioningStyle = Automatic;
					};
				};
			};
			buildConfigurationList = C6E6F5591EE4DFB700D06038 /* Build configuration list for PBXProject "pull_to_refush" */;
			compatibilityVersion = "Xcode 3.2";
			developmentRegion = English;
			hasScannedForEncodings = 0;
			knownRegions = (
				en,
				Base,
			);
			mainGroup = C6E6F5551EE4DFB700D06038;
			productRefGroup = C6E6F55F1EE4DFB700D06038 /* Products */;
			projectDirPath = "";
			projectRoot = "";
			targets = (
				C6E6F55D1EE4DFB700D06038 /* pull_to_refush */,
			);
		};
/* End PBXProject section */

/* Begin PBXResourcesBuildPhase section */
		C6E6F55C1EE4DFB700D06038 /* Resources */ = {
			isa = PBXResourcesBuildPhase;
			buildActionMask = 2147483647;
			files = (
				C6E6F56F1EE4DFB700D06038 /* LaunchScreen.storyboard in Resources */,
				C6E6F5771EE4E85200D06038 /* RefreshContents.xib in Resources */,
				C6E6F56C1EE4DFB700D06038 /* Assets.xcassets in Resources */,
				C6E6F5671EE4DFB700D06038 /* Main.storyboard in Resources */,
			);
			runOnlyForDeploymentPostprocessing = 0;
		};
/* End PBXResourcesBuildPhase section */

/* Begin PBXSourcesBuildPhase section */
		C6E6F55A1EE4DFB700D06038 /* Sources */ = {
			isa = PBXSourcesBuildPhase;
			buildActionMask = 2147483647;
			files = (
				C6E6F5641EE4DFB700D06038 /* ViewController.swift in Sources */,
				C6E6F56A1EE4DFB700D06038 /* pull_to_refush.xcdatamodeld in Sources */,
				C6E6F5621EE4DFB700D06038 /* AppDelegate.swift in Sources */,
			);
			runOnlyForDeploymentPostprocessing = 0;
		};
/* End PBXSourcesBuildPhase section */

/* Begin PBXVariantGroup section */
		C6E6F5651EE4DFB700D06038 /* Main.storyboard */ = {
			isa = PBXVariantGroup;
			children = (
				C6E6F5661EE4DFB700D06038 /* Base */,
			);
			name = Main.storyboard;
			sourceTree = "<group>";
		};
		C6E6F56D1EE4DFB700D06038 /* LaunchScreen.storyboard */ = {
			isa = PBXVariantGroup;
			children = (
				C6E6F56E1EE4DFB700D06038 /* Base */,
			);
			name = LaunchScreen.storyboard;
			sourceTree = "<group>";
		};
/* End PBXVariantGroup section */

/* Begin XCBuildConfiguration section */
		C6E6F5711EE4DFB700D06038 /* Debug */ = {
			isa = XCBuildConfiguration;
			buildSettings = {
				ALWAYS_SEARCH_USER_PATHS = NO;
				CLANG_ANALYZER_NONNULL = YES;
				CLANG_ANALYZER_NUMBER_OBJECT_CONVERSION = YES_AGGRESSIVE;
				CLANG_CXX_LANGUAGE_STANDARD = "gnu++0x";
				CLANG_CXX_LIBRARY = "libc++";
				CLANG_ENABLE_MODULES = YES;
				CLANG_ENABLE_OBJC_ARC = YES;
				CLANG_WARN_BOOL_CONVERSION = YES;
				CLANG_WARN_CONSTANT_CONVERSION = YES;
				CLANG_WARN_DIRECT_OBJC_ISA_USAGE = YES_ERROR;
				CLANG_WARN_DOCUMENTATION_COMMENTS = YES;
				CLANG_WARN_EMPTY_BODY = YES;
				CLANG_WARN_ENUM_CONVERSION = YES;
				CLANG_WARN_INFINITE_RECURSION = YES;
				CLANG_WARN_INT_CONVERSION = YES;
				CLANG_WARN_OBJC_ROOT_CLASS = YES_ERROR;
				CLANG_WARN_SUSPICIOUS_MOVE = YES;
				CLANG_WARN_UNREACHABLE_CODE = YES;
				CLANG_WARN__DUPLICATE_METHOD_MATCH = YES;
				"CODE_SIGN_IDENTITY[sdk=iphoneos*]" = "iPhone Developer";
				COPY_PHASE_STRIP = NO;
				DEBUG_INFORMATION_FORMAT = dwarf;
				ENABLE_STRICT_OBJC_MSGSEND = YES;
				ENABLE_TESTABILITY = YES;
				GCC_C_LANGUAGE_STANDARD = gnu99;
				GCC_DYNAMIC_NO_PIC = NO;
				GCC_NO_COMMON_BLOCKS = YES;
				GCC_OPTIMIZATION_LEVEL = 0;
				GCC_PREPROCESSOR_DEFINITIONS = (
					"DEBUG=1",
					"$(inherited)",
				);
				GCC_WARN_64_TO_32_BIT_CONVERSION = YES;
				GCC_WARN_ABOUT_RETURN_TYPE = YES_ERROR;
				GCC_WARN_UNDECLARED_SELECTOR = YES;
				GCC_WARN_UNINITIALIZED_AUTOS = YES_AGGRESSIVE;
				GCC_WARN_UNUSED_FUNCTION = YES;
				GCC_WARN_UNUSED_VARIABLE = YES;
				IPHONEOS_DEPLOYMENT_TARGET = 10.3;
				MTL_ENABLE_DEBUG_INFO = YES;
				ONLY_ACTIVE_ARCH = YES;
				SDKROOT = iphoneos;
				SWIFT_ACTIVE_COMPILATION_CONDITIONS = DEBUG;
				SWIFT_OPTIMIZATION_LEVEL = "-Onone";
				TARGETED_DEVICE_FAMILY = "1,2";
			};
			name = Debug;
		};
		C6E6F5721EE4DFB700D06038 /* Release */ = {
			isa = XCBuildConfiguration;
			buildSettings = {
				ALWAYS_SEARCH_USER_PATHS = NO;
				CLANG_ANALYZER_NONNULL = YES;
				CLANG_ANALYZER_NUMBER_OBJECT_CONVERSION = YES_AGGRESSIVE;
				CLANG_CXX_LANGUAGE_STANDARD = "gnu++0x";
				CLANG_CXX_LIBRARY = "libc++";
				CLANG_ENABLE_MODULES = YES;
				CLANG_ENABLE_OBJC_ARC = YES;
				CLANG_WARN_BOOL_CONVERSION = YES;
				CLANG_WARN_CONSTANT_CONVERSION = YES;
				CLANG_WARN_DIRECT_OBJC_ISA_USAGE = YES_ERROR;
				CLANG_WARN_DOCUMENTATION_COMMENTS = YES;
				CLANG_WARN_EMPTY_BODY = YES;
				CLANG_WARN_ENUM_CONVERSION = YES;
				CLANG_WARN_INFINITE_RECURSION = YES;
				CLANG_WARN_INT_CONVERSION = YES;
				CLANG_WARN_OBJC_ROOT_CLASS = YES_ERROR;
				CLANG_WARN_SUSPICIOUS_MOVE = YES;
				CLANG_WARN_UNREACHABLE_CODE = YES;
				CLANG_WARN__DUPLICATE_METHOD_MATCH = YES;
				"CODE_SIGN_IDENTITY[sdk=iphoneos*]" = "iPhone Developer";
				COPY_PHASE_STRIP = NO;
				DEBUG_INFORMATION_FORMAT = "dwarf-with-dsym";
				ENABLE_NS_ASSERTIONS = NO;
				ENABLE_STRICT_OBJC_MSGSEND = YES;
				GCC_C_LANGUAGE_STANDARD = gnu99;
				GCC_NO_COMMON_BLOCKS = YES;
				GCC_WARN_64_TO_32_BIT_CONVERSION = YES;
				GCC_WARN_ABOUT_RETURN_TYPE = YES_ERROR;
				GCC_WARN_UNDECLARED_SELECTOR = YES;
				GCC_WARN_UNINITIALIZED_AUTOS = YES_AGGRESSIVE;
				GCC_WARN_UNUSED_FUNCTION = YES;
				GCC_WARN_UNUSED_VARIABLE = YES;
				IPHONEOS_DEPLOYMENT_TARGET = 10.3;
				MTL_ENABLE_DEBUG_INFO = NO;
				SDKROOT = iphoneos;
				SWIFT_OPTIMIZATION_LEVEL = "-Owholemodule";
				TARGETED_DEVICE_FAMILY = "1,2";
				VALIDATE_PRODUCT = YES;
			};
			name = Release;
		};
		C6E6F5741EE4DFB700D06038 /* Debug */ = {
			isa = XCBuildConfiguration;
			buildSettings = {
				ASSETCATALOG_COMPILER_APPICON_NAME = AppIcon;
				DEVELOPMENT_TEAM = TVFFD9C8WQ;
				INFOPLIST_FILE = pull_to_refush/Info.plist;
				LD_RUNPATH_SEARCH_PATHS = "$(inherited) @executable_path/Frameworks";
				PRODUCT_BUNDLE_IDENTIFIER = "tw.com.binson.pull-to-refush";
				PRODUCT_NAME = "$(TARGET_NAME)";
				SWIFT_VERSION = 3.0;
			};
			name = Debug;
		};
		C6E6F5751EE4DFB700D06038 /* Release */ = {
			isa = XCBuildConfiguration;
			buildSettings = {
				ASSETCATALOG_COMPILER_APPICON_NAME = AppIcon;
				DEVELOPMENT_TEAM = TVFFD9C8WQ;
				INFOPLIST_FILE = pull_to_refush/Info.plist;
				LD_RUNPATH_SEARCH_PATHS = "$(inherited) @executable_path/Frameworks";
				PRODUCT_BUNDLE_IDENTIFIER = "tw.com.binson.pull-to-refush";
				PRODUCT_NAME = "$(TARGET_NAME)";
				SWIFT_VERSION = 3.0;
			};
			name = Release;
		};
/* End XCBuildConfiguration section */

/* Begin XCConfigurationList section */
		C6E6F5591EE4DFB700D06038 /* Build configuration list for PBXProject "pull_to_refush" */ = {
			isa = XCConfigurationList;
			buildConfigurations = (
				C6E6F5711EE4DFB700D06038 /* Debug */,
				C6E6F5721EE4DFB700D06038 /* Release */,
			);
			defaultConfigurationIsVisible = 0;
			defaultConfigurationName = Release;
		};
		C6E6F5731EE4DFB700D06038 /* Build configuration list for PBXNativeTarget "pull_to_refush" */ = {
			isa = XCConfigurationList;
			buildConfigurations = (
				C6E6F5741EE4DFB700D06038 /* Debug */,
				C6E6F5751EE4DFB700D06038 /* Release */,
			);
			defaultConfigurationIsVisible = 0;
		};
/* End XCConfigurationList section */

/* Begin XCVersionGroup section */
		C6E6F5681EE4DFB700D06038 /* pull_to_refush.xcdatamodeld */ = {
			isa = XCVersionGroup;
			children = (
				C6E6F5691EE4DFB700D06038 /* pull_to_refush.xcdatamodel */,
			);
			currentVersion = C6E6F5691EE4DFB700D06038 /* pull_to_refush.xcdatamodel */;
			path = pull_to_refush.xcdatamodeld;
			sourceTree = "<group>";
			versionGroupType = wrapper.xcdatamodel;
		};
/* End XCVersionGroup section */
	};
	rootObject = C6E6F5561EE4DFB700D06038 /* Project object */;
}
